
Microsoft Visual Studio Solution File, Format Version 12.00
# Visual Studio 15
VisualStudioVersion = 15.0.27130.2010
MinimumVisualStudioVersion = 10.0.40219.1
Project("{9A19103F-16F7-4668-BE54-9A1E7A4F7556}") = "RPThreadTrackerV3.BackEnd", "RPThreadTrackerV3.BackEnd\RPThreadTrackerV3.BackEnd.csproj", "{01AA5F13-D3DD-49D3-9A8E-44ED625AF9AC}"
EndProject
Project("{9A19103F-16F7-4668-BE54-9A1E7A4F7556}") = "RPThreadTrackerV3.BackEnd.Test", "RPThreadTrackerV3.BackEnd.Test\RPThreadTrackerV3.BackEnd.Test.csproj", "{F0F9500E-423B-49A2-9170-E1E928FD730A}"
EndProject
Global
	GlobalSection(SolutionConfigurationPlatforms) = preSolution
		Debug|Any CPU = Debug|Any CPU
		Release|Any CPU = Release|Any CPU
		Staging|Any CPU = Staging|Any CPU
	EndGlobalSection
	GlobalSection(ProjectConfigurationPlatforms) = postSolution
		{01AA5F13-D3DD-49D3-9A8E-44ED625AF9AC}.Debug|Any CPU.ActiveCfg = Debug|Any CPU
		{01AA5F13-D3DD-49D3-9A8E-44ED625AF9AC}.Debug|Any CPU.Build.0 = Debug|Any CPU
		{01AA5F13-D3DD-49D3-9A8E-44ED625AF9AC}.Release|Any CPU.ActiveCfg = Release|Any CPU
		{01AA5F13-D3DD-49D3-9A8E-44ED625AF9AC}.Release|Any CPU.Build.0 = Release|Any CPU
		{01AA5F13-D3DD-49D3-9A8E-44ED625AF9AC}.Staging|Any CPU.ActiveCfg = Staging|Any CPU
		{01AA5F13-D3DD-49D3-9A8E-44ED625AF9AC}.Staging|Any CPU.Build.0 = Staging|Any CPU
		{F0F9500E-423B-49A2-9170-E1E928FD730A}.Debug|Any CPU.ActiveCfg = Debug|Any CPU
		{F0F9500E-423B-49A2-9170-E1E928FD730A}.Debug|Any CPU.Build.0 = Debug|Any CPU
		{F0F9500E-423B-49A2-9170-E1E928FD730A}.Release|Any CPU.ActiveCfg = Release|Any CPU
		{F0F9500E-423B-49A2-9170-E1E928FD730A}.Release|Any CPU.Build.0 = Release|Any CPU
		{F0F9500E-423B-49A2-9170-E1E928FD730A}.Staging|Any CPU.ActiveCfg = Debug|Any CPU
		{F0F9500E-423B-49A2-9170-E1E928FD730A}.Staging|Any CPU.Build.0 = Debug|Any CPU
	EndGlobalSection
	GlobalSection(SolutionProperties) = preSolution
		HideSolutionNode = FALSE
	EndGlobalSection
	GlobalSection(ExtensibilityGlobals) = postSolution
		SolutionGuid = {0967EFD3-5A15-4A06-B2BD-BFCF372EFBC1}
	EndGlobalSection
EndGlobal
