
Microsoft Visual Studio Solution File, Format Version 12.00
# Visual Studio 15
VisualStudioVersion = 15.0.27130.2003
MinimumVisualStudioVersion = 10.0.40219.1
Project("{FAE04EC0-301F-11D3-BF4B-00C04F79EFBC}") = "RPThreadTrackerV3.Selenium", "RPThreadTrackerV3.Selenium\RPThreadTrackerV3.Selenium.csproj", "{44C03C6D-7E4A-49E8-835E-02F080B63CE2}"
EndProject
Global
	GlobalSection(SolutionConfigurationPlatforms) = preSolution
		Debug|Any CPU = Debug|Any CPU
		Release|Any CPU = Release|Any CPU
	EndGlobalSection
	GlobalSection(ProjectConfigurationPlatforms) = postSolution
		{44C03C6D-7E4A-49E8-835E-02F080B63CE2}.Debug|Any CPU.ActiveCfg = Debug|Any CPU
		{44C03C6D-7E4A-49E8-835E-02F080B63CE2}.Debug|Any CPU.Build.0 = Debug|Any CPU
		{44C03C6D-7E4A-49E8-835E-02F080B63CE2}.Release|Any CPU.ActiveCfg = Release|Any CPU
		{44C03C6D-7E4A-49E8-835E-02F080B63CE2}.Release|Any CPU.Build.0 = Release|Any CPU
	EndGlobalSection
	GlobalSection(SolutionProperties) = preSolution
		HideSolutionNode = FALSE
	EndGlobalSection
	GlobalSection(ExtensibilityGlobals) = postSolution
		SolutionGuid = {DD9F8123-71B4-4CAB-BC86-A3504960AFC8}
	EndGlobalSection
EndGlobal
